
Microsoft Visual Studio Solution File, Format Version 12.00
# Visual Studio Version 17
VisualStudioVersion = 17.0.31919.166
MinimumVisualStudioVersion = 10.0.40219.1
Project("{FAE04EC0-301F-11D3-BF4B-00C04F79EFBC}") = "Bookkeepr.Api", "Bookkeepr.Api.csproj", "{E414AFB2-CBD4-4DF3-9D52-28A7D7CD52C9}"
EndProject
Project("{FAE04EC0-301F-11D3-BF4B-00C04F79EFBC}") = "DataModels", "..\DataModels\DataModels.csproj", "{3F3EDD6D-082D-40C3-899C-6230C5D40DD4}"
EndProject
Global
	GlobalSection(SolutionConfigurationPlatforms) = preSolution
		Debug|Any CPU = Debug|Any CPU
		Release|Any CPU = Release|Any CPU
	EndGlobalSection
	GlobalSection(ProjectConfigurationPlatforms) = postSolution
		{E414AFB2-CBD4-4DF3-9D52-28A7D7CD52C9}.Debug|Any CPU.ActiveCfg = Debug|Any CPU
		{E414AFB2-CBD4-4DF3-9D52-28A7D7CD52C9}.Debug|Any CPU.Build.0 = Debug|Any CPU
		{E414AFB2-CBD4-4DF3-9D52-28A7D7CD52C9}.Release|Any CPU.ActiveCfg = Release|Any CPU
		{E414AFB2-CBD4-4DF3-9D52-28A7D7CD52C9}.Release|Any CPU.Build.0 = Release|Any CPU
		{3F3EDD6D-082D-40C3-899C-6230C5D40DD4}.Debug|Any CPU.ActiveCfg = Debug|Any CPU
		{3F3EDD6D-082D-40C3-899C-6230C5D40DD4}.Debug|Any CPU.Build.0 = Debug|Any CPU
		{3F3EDD6D-082D-40C3-899C-6230C5D40DD4}.Release|Any CPU.ActiveCfg = Release|Any CPU
		{3F3EDD6D-082D-40C3-899C-6230C5D40DD4}.Release|Any CPU.Build.0 = Release|Any CPU
	EndGlobalSection
	GlobalSection(SolutionProperties) = preSolution
		HideSolutionNode = FALSE
	EndGlobalSection
	GlobalSection(ExtensibilityGlobals) = postSolution
		SolutionGuid = {EF97C524-CA57-4E3B-9915-17FE8C046252}
	EndGlobalSection
EndGlobal
